{
  "name": "profile",
  "version": "1.0.0",
  "lockfileVersion": 1,
  "requires": true,
  "dependencies": {
    "picnic": {
      "version": "6.4.0",
      "resolved": "https://registry.npmjs.org/picnic/-/picnic-6.4.0.tgz",
      "integrity": "sha512-91a7a1z1EuADhM/fQ1xJaSrfXPb5FYZAq6dCbmTYjqKRgMLh73OH19bKRRCo06VqSURxZOTub5AKVDGAAx840w=="
    }
  }
}
